// !$*UTF8*$!
{
	archiveVersion = 1;
	classes = {
	};
	objectVersion = 46;
	objects = {

/* Begin PBXBuildFile section */
		1A7ABE9F1C0D7D1E0089CBB2 /* AppDelegate.swift in Sources */ = {isa = PBXBuildFile; fileRef = 1A7ABE9E1C0D7D1E0089CBB2 /* AppDelegate.swift */; };
		1A7ABEA11C0D7D1E0089CBB2 /* ViewController.swift in Sources */ = {isa = PBXBuildFile; fileRef = 1A7ABEA01C0D7D1E0089CBB2 /* ViewController.swift */; };
		1A7ABEA41C0D7D1E0089CBB2 /* Main.storyboard in Resources */ = {isa = PBXBuildFile; fileRef = 1A7ABEA21C0D7D1E0089CBB2 /* Main.storyboard */; };
		1A7ABEA61C0D7D1E0089CBB2 /* Assets.xcassets in Resources */ = {isa = PBXBuildFile; fileRef = 1A7ABEA51C0D7D1E0089CBB2 /* Assets.xcassets */; };
		1A7ABEA91C0D7D1E0089CBB2 /* LaunchScreen.storyboard in Resources */ = {isa = PBXBuildFile; fileRef = 1A7ABEA71C0D7D1E0089CBB2 /* LaunchScreen.storyboard */; };
		1A7ABEC41C0D8D020089CBB2 /* BYWebConfiguration.swift in Sources */ = {isa = PBXBuildFile; fileRef = 1A7ABEBF1C0D8D020089CBB2 /* BYWebConfiguration.swift */; };
		1A7ABEC51C0D8D020089CBB2 /* BYWebJSBridgeCallbackHandler.swift in Sources */ = {isa = PBXBuildFile; fileRef = 1A7ABEC01C0D8D020089CBB2 /* BYWebJSBridgeCallbackHandler.swift */; };
		1A7ABEC61C0D8D020089CBB2 /* BYWebJSBridgeConfigurationProtocol.swift in Sources */ = {isa = PBXBuildFile; fileRef = 1A7ABEC11C0D8D020089CBB2 /* BYWebJSBridgeConfigurationProtocol.swift */; };
		1A7ABEC71C0D8D020089CBB2 /* BYWebJSBridgeWebviewDelegate.swift in Sources */ = {isa = PBXBuildFile; fileRef = 1A7ABEC21C0D8D020089CBB2 /* BYWebJSBridgeWebviewDelegate.swift */; };
		1A7ABEC81C0D8D020089CBB2 /* BYWebResponder.swift in Sources */ = {isa = PBXBuildFile; fileRef = 1A7ABEC31C0D8D020089CBB2 /* BYWebResponder.swift */; };
/* End PBXBuildFile section */

/* Begin PBXFileReference section */
		1A7ABE9B1C0D7D1E0089CBB2 /* BYJsBridge.app */ = {isa = PBXFileReference; explicitFileType = wrapper.application; includeInIndex = 0; path = BYJsBridge.app; sourceTree = BUILT_PRODUCTS_DIR; };
		1A7ABE9E1C0D7D1E0089CBB2 /* AppDelegate.swift */ = {isa = PBXFileReference; lastKnownFileType = sourcecode.swift; path = AppDelegate.swift; sourceTree = "<group>"; };
		1A7ABEA01C0D7D1E0089CBB2 /* ViewController.swift */ = {isa = PBXFileReference; lastKnownFileType = sourcecode.swift; path = ViewController.swift; sourceTree = "<group>"; };
		1A7ABEA31C0D7D1E0089CBB2 /* Base */ = {isa = PBXFileReference; lastKnownFileType = file.storyboard; name = Base; path = Base.lproj/Main.storyboard; sourceTree = "<group>"; };
		1A7ABEA51C0D7D1E0089CBB2 /* Assets.xcassets */ = {isa = PBXFileReference; lastKnownFileType = folder.assetcatalog; path = Assets.xcassets; sourceTree = "<group>"; };
		1A7ABEA81C0D7D1E0089CBB2 /* Base */ = {isa = PBXFileReference; lastKnownFileType = file.storyboard; name = Base; path = Base.lproj/LaunchScreen.storyboard; sourceTree = "<group>"; };
		1A7ABEAA1C0D7D1E0089CBB2 /* Info.plist */ = {isa = PBXFileReference; lastKnownFileType = text.plist.xml; path = Info.plist; sourceTree = "<group>"; };
		1A7ABEBF1C0D8D020089CBB2 /* BYWebConfiguration.swift */ = {isa = PBXFileReference; fileEncoding = 4; lastKnownFileType = sourcecode.swift; path = BYWebConfiguration.swift; sourceTree = "<group>"; };
		1A7ABEC01C0D8D020089CBB2 /* BYWebJSBridgeCallbackHandler.swift */ = {isa = PBXFileReference; fileEncoding = 4; lastKnownFileType = sourcecode.swift; path = BYWebJSBridgeCallbackHandler.swift; sourceTree = "<group>"; };
		1A7ABEC11C0D8D020089CBB2 /* BYWebJSBridgeConfigurationProtocol.swift */ = {isa = PBXFileReference; fileEncoding = 4; lastKnownFileType = sourcecode.swift; path = BYWebJSBridgeConfigurationProtocol.swift; sourceTree = "<group>"; };
		1A7ABEC21C0D8D020089CBB2 /* BYWebJSBridgeWebviewDelegate.swift */ = {isa = PBXFileReference; fileEncoding = 4; lastKnownFileType = sourcecode.swift; path = BYWebJSBridgeWebviewDelegate.swift; sourceTree = "<group>"; };
		1A7ABEC31C0D8D020089CBB2 /* BYWebResponder.swift */ = {isa = PBXFileReference; fileEncoding = 4; lastKnownFileType = sourcecode.swift; path = BYWebResponder.swift; sourceTree = "<group>"; };
/* End PBXFileReference section */

/* Begin PBXFrameworksBuildPhase section */
		1A7ABE981C0D7D1E0089CBB2 /* Frameworks */ = {
			isa = PBXFrameworksBuildPhase;
			buildActionMask = 2147483647;
			files = (
			);
			runOnlyForDeploymentPostprocessing = 0;
		};
/* End PBXFrameworksBuildPhase section */

/* Begin PBXGroup section */
		1A7ABE921C0D7D1E0089CBB2 = {
			isa = PBXGroup;
			children = (
				1A7ABE9D1C0D7D1E0089CBB2 /* BYJsBridge */,
				1A7ABE9C1C0D7D1E0089CBB2 /* Products */,
			);
			sourceTree = "<group>";
		};
		1A7ABE9C1C0D7D1E0089CBB2 /* Products */ = {
			isa = PBXGroup;
			children = (
				1A7ABE9B1C0D7D1E0089CBB2 /* BYJsBridge.app */,
			);
			name = Products;
			sourceTree = "<group>";
		};
		1A7ABE9D1C0D7D1E0089CBB2 /* BYJsBridge */ = {
			isa = PBXGroup;
			children = (
				1A7ABE9E1C0D7D1E0089CBB2 /* AppDelegate.swift */,
				1A7ABEA01C0D7D1E0089CBB2 /* ViewController.swift */,
				1A7ABEBE1C0D8D020089CBB2 /* class */,
				1A7ABEA21C0D7D1E0089CBB2 /* Main.storyboard */,
				1A7ABEA51C0D7D1E0089CBB2 /* Assets.xcassets */,
				1A7ABEA71C0D7D1E0089CBB2 /* LaunchScreen.storyboard */,
				1A7ABEAA1C0D7D1E0089CBB2 /* Info.plist */,
			);
			path = BYJsBridge;
			sourceTree = "<group>";
		};
		1A7ABEBE1C0D8D020089CBB2 /* class */ = {
			isa = PBXGroup;
			children = (
				1A7ABEBF1C0D8D020089CBB2 /* BYWebConfiguration.swift */,
				1A7ABEC01C0D8D020089CBB2 /* BYWebJSBridgeCallbackHandler.swift */,
				1A7ABEC11C0D8D020089CBB2 /* BYWebJSBridgeConfigurationProtocol.swift */,
				1A7ABEC21C0D8D020089CBB2 /* BYWebJSBridgeWebviewDelegate.swift */,
				1A7ABEC31C0D8D020089CBB2 /* BYWebResponder.swift */,
			);
			path = class;
			sourceTree = "<group>";
		};
/* End PBXGroup section */

/* Begin PBXNativeTarget section */
		1A7ABE9A1C0D7D1E0089CBB2 /* BYJsBridge */ = {
			isa = PBXNativeTarget;
			buildConfigurationList = 1A7ABEAD1C0D7D1E0089CBB2 /* Build configuration list for PBXNativeTarget "BYJsBridge" */;
			buildPhases = (
				1A7ABE971C0D7D1E0089CBB2 /* Sources */,
				1A7ABE981C0D7D1E0089CBB2 /* Frameworks */,
				1A7ABE991C0D7D1E0089CBB2 /* Resources */,
			);
			buildRules = (
			);
			dependencies = (
			);
			name = BYJsBridge;
			productName = BYJsBridge;
			productReference = 1A7ABE9B1C0D7D1E0089CBB2 /* BYJsBridge.app */;
			productType = "com.apple.product-type.application";
		};
/* End PBXNativeTarget section */

/* Begin PBXProject section */
		1A7ABE931C0D7D1E0089CBB2 /* Project object */ = {
			isa = PBXProject;
			attributes = {
				LastSwiftUpdateCheck = 0710;
				LastUpgradeCheck = 0710;
				ORGANIZATIONNAME = ysq;
				TargetAttributes = {
					1A7ABE9A1C0D7D1E0089CBB2 = {
						CreatedOnToolsVersion = 7.1.1;
					};
				};
			};
			buildConfigurationList = 1A7ABE961C0D7D1E0089CBB2 /* Build configuration list for PBXProject "BYJsBridge" */;
			compatibilityVersion = "Xcode 3.2";
			developmentRegion = English;
			hasScannedForEncodings = 0;
			knownRegions = (
				en,
				Base,
			);
			mainGroup = 1A7ABE921C0D7D1E0089CBB2;
			productRefGroup = 1A7ABE9C1C0D7D1E0089CBB2 /* Products */;
			projectDirPath = "";
			projectRoot = "";
			targets = (
				1A7ABE9A1C0D7D1E0089CBB2 /* BYJsBridge */,
			);
		};
/* End PBXProject section */

/* Begin PBXResourcesBuildPhase section */
		1A7ABE991C0D7D1E0089CBB2 /* Resources */ = {
			isa = PBXResourcesBuildPhase;
			buildActionMask = 2147483647;
			files = (
				1A7ABEA91C0D7D1E0089CBB2 /* LaunchScreen.storyboard in Resources */,
				1A7ABEA61C0D7D1E0089CBB2 /* Assets.xcassets in Resources */,
				1A7ABEA41C0D7D1E0089CBB2 /* Main.storyboard in Resources */,
			);
			runOnlyForDeploymentPostprocessing = 0;
		};
/* End PBXResourcesBuildPhase section */

/* Begin PBXSourcesBuildPhase section */
		1A7ABE971C0D7D1E0089CBB2 /* Sources */ = {
			isa = PBXSourcesBuildPhase;
			buildActionMask = 2147483647;
			files = (
				1A7ABEC41C0D8D020089CBB2 /* BYWebConfiguration.swift in Sources */,
				1A7ABEC81C0D8D020089CBB2 /* BYWebResponder.swift in Sources */,
				1A7ABEA11C0D7D1E0089CBB2 /* ViewController.swift in Sources */,
				1A7ABEC61C0D8D020089CBB2 /* BYWebJSBridgeConfigurationProtocol.swift in Sources */,
				1A7ABE9F1C0D7D1E0089CBB2 /* AppDelegate.swift in Sources */,
				1A7ABEC71C0D8D020089CBB2 /* BYWebJSBridgeWebviewDelegate.swift in Sources */,
				1A7ABEC51C0D8D020089CBB2 /* BYWebJSBridgeCallbackHandler.swift in Sources */,
			);
			runOnlyForDeploymentPostprocessing = 0;
		};
/* End PBXSourcesBuildPhase section */

/* Begin PBXVariantGroup section */
		1A7ABEA21C0D7D1E0089CBB2 /* Main.storyboard */ = {
			isa = PBXVariantGroup;
			children = (
				1A7ABEA31C0D7D1E0089CBB2 /* Base */,
			);
			name = Main.storyboard;
			sourceTree = "<group>";
		};
		1A7ABEA71C0D7D1E0089CBB2 /* LaunchScreen.storyboard */ = {
			isa = PBXVariantGroup;
			children = (
				1A7ABEA81C0D7D1E0089CBB2 /* Base */,
			);
			name = LaunchScreen.storyboard;
			sourceTree = "<group>";
		};
/* End PBXVariantGroup section */

/* Begin XCBuildConfiguration section */
		1A7ABEAB1C0D7D1E0089CBB2 /* Debug */ = {
			isa = XCBuildConfiguration;
			buildSettings = {
				ALWAYS_SEARCH_USER_PATHS = NO;
				CLANG_CXX_LANGUAGE_STANDARD = "gnu++0x";
				CLANG_CXX_LIBRARY = "libc++";
				CLANG_ENABLE_MODULES = YES;
				CLANG_ENABLE_OBJC_ARC = YES;
				CLANG_WARN_BOOL_CONVERSION = YES;
				CLANG_WARN_CONSTANT_CONVERSION = YES;
				CLANG_WARN_DIRECT_OBJC_ISA_USAGE = YES_ERROR;
				CLANG_WARN_EMPTY_BODY = YES;
				CLANG_WARN_ENUM_CONVERSION = YES;
				CLANG_WARN_INT_CONVERSION = YES;
				CLANG_WARN_OBJC_ROOT_CLASS = YES_ERROR;
				CLANG_WARN_UNREACHABLE_CODE = YES;
				CLANG_WARN__DUPLICATE_METHOD_MATCH = YES;
				"CODE_SIGN_IDENTITY[sdk=iphoneos*]" = "iPhone Developer";
				COPY_PHASE_STRIP = NO;
				DEBUG_INFORMATION_FORMAT = dwarf;
				ENABLE_STRICT_OBJC_MSGSEND = YES;
				ENABLE_TESTABILITY = YES;
				GCC_C_LANGUAGE_STANDARD = gnu99;
				GCC_DYNAMIC_NO_PIC = NO;
				GCC_NO_COMMON_BLOCKS = YES;
				GCC_OPTIMIZATION_LEVEL = 0;
				GCC_PREPROCESSOR_DEFINITIONS = (
					"DEBUG=1",
					"$(inherited)",
				);
				GCC_WARN_64_TO_32_BIT_CONVERSION = YES;
				GCC_WARN_ABOUT_RETURN_TYPE = YES_ERROR;
				GCC_WARN_UNDECLARED_SELECTOR = YES;
				GCC_WARN_UNINITIALIZED_AUTOS = YES_AGGRESSIVE;
				GCC_WARN_UNUSED_FUNCTION = YES;
				GCC_WARN_UNUSED_VARIABLE = YES;
				IPHONEOS_DEPLOYMENT_TARGET = 9.1;
				MTL_ENABLE_DEBUG_INFO = YES;
				ONLY_ACTIVE_ARCH = YES;
				SDKROOT = iphoneos;
				SWIFT_OPTIMIZATION_LEVEL = "-Onone";
			};
			name = Debug;
		};
		1A7ABEAC1C0D7D1E0089CBB2 /* Release */ = {
			isa = XCBuildConfiguration;
			buildSettings = {
				ALWAYS_SEARCH_USER_PATHS = NO;
				CLANG_CXX_LANGUAGE_STANDARD = "gnu++0x";
				CLANG_CXX_LIBRARY = "libc++";
				CLANG_ENABLE_MODULES = YES;
				CLANG_ENABLE_OBJC_ARC = YES;
				CLANG_WARN_BOOL_CONVERSION = YES;
				CLANG_WARN_CONSTANT_CONVERSION = YES;
				CLANG_WARN_DIRECT_OBJC_ISA_USAGE = YES_ERROR;
				CLANG_WARN_EMPTY_BODY = YES;
				CLANG_WARN_ENUM_CONVERSION = YES;
				CLANG_WARN_INT_CONVERSION = YES;
				CLANG_WARN_OBJC_ROOT_CLASS = YES_ERROR;
				CLANG_WARN_UNREACHABLE_CODE = YES;
				CLANG_WARN__DUPLICATE_METHOD_MATCH = YES;
				"CODE_SIGN_IDENTITY[sdk=iphoneos*]" = "iPhone Developer";
				COPY_PHASE_STRIP = NO;
				DEBUG_INFORMATION_FORMAT = "dwarf-with-dsym";
				ENABLE_NS_ASSERTIONS = NO;
				ENABLE_STRICT_OBJC_MSGSEND = YES;
				GCC_C_LANGUAGE_STANDARD = gnu99;
				GCC_NO_COMMON_BLOCKS = YES;
				GCC_WARN_64_TO_32_BIT_CONVERSION = YES;
				GCC_WARN_ABOUT_RETURN_TYPE = YES_ERROR;
				GCC_WARN_UNDECLARED_SELECTOR = YES;
				GCC_WARN_UNINITIALIZED_AUTOS = YES_AGGRESSIVE;
				GCC_WARN_UNUSED_FUNCTION = YES;
				GCC_WARN_UNUSED_VARIABLE = YES;
				IPHONEOS_DEPLOYMENT_TARGET = 9.1;
				MTL_ENABLE_DEBUG_INFO = NO;
				SDKROOT = iphoneos;
				VALIDATE_PRODUCT = YES;
			};
			name = Release;
		};
		1A7ABEAE1C0D7D1E0089CBB2 /* Debug */ = {
			isa = XCBuildConfiguration;
			buildSettings = {
				ASSETCATALOG_COMPILER_APPICON_NAME = AppIcon;
				INFOPLIST_FILE = BYJsBridge/Info.plist;
				IPHONEOS_DEPLOYMENT_TARGET = 8.0;
				LD_RUNPATH_SEARCH_PATHS = "$(inherited) @executable_path/Frameworks";
				PRODUCT_BUNDLE_IDENTIFIER = com.sgxiang.test.BYJsBridge;
				PRODUCT_NAME = "$(TARGET_NAME)";
			};
			name = Debug;
		};
		1A7ABEAF1C0D7D1E0089CBB2 /* Release */ = {
			isa = XCBuildConfiguration;
			buildSettings = {
				ASSETCATALOG_COMPILER_APPICON_NAME = AppIcon;
				INFOPLIST_FILE = BYJsBridge/Info.plist;
				IPHONEOS_DEPLOYMENT_TARGET = 8.0;
				LD_RUNPATH_SEARCH_PATHS = "$(inherited) @executable_path/Frameworks";
				PRODUCT_BUNDLE_IDENTIFIER = com.sgxiang.test.BYJsBridge;
				PRODUCT_NAME = "$(TARGET_NAME)";
			};
			name = Release;
		};
/* End XCBuildConfiguration section */

/* Begin XCConfigurationList section */
		1A7ABE961C0D7D1E0089CBB2 /* Build configuration list for PBXProject "BYJsBridge" */ = {
			isa = XCConfigurationList;
			buildConfigurations = (
				1A7ABEAB1C0D7D1E0089CBB2 /* Debug */,
				1A7ABEAC1C0D7D1E0089CBB2 /* Release */,
			);
			defaultConfigurationIsVisible = 0;
			defaultConfigurationName = Release;
		};
		1A7ABEAD1C0D7D1E0089CBB2 /* Build configuration list for PBXNativeTarget "BYJsBridge" */ = {
			isa = XCConfigurationList;
			buildConfigurations = (
				1A7ABEAE1C0D7D1E0089CBB2 /* Debug */,
				1A7ABEAF1C0D7D1E0089CBB2 /* Release */,
			);
			defaultConfigurationIsVisible = 0;
			defaultConfigurationName = Release;
		};
/* End XCConfigurationList section */
	};
	rootObject = 1A7ABE931C0D7D1E0089CBB2 /* Project object */;
}
